
Microsoft Visual Studio Solution File, Format Version 12.00
# Visual Studio Version 16
VisualStudioVersion = 16.0.29920.165
MinimumVisualStudioVersion = 10.0.40219.1
Project("{FAE04EC0-301F-11D3-BF4B-00C04F79EFBC}") = "Blog", "Blog\Blog.csproj", "{F2009868-BFF5-4BA3-B895-88E6481230E7}"
EndProject
Global
	GlobalSection(SolutionConfigurationPlatforms) = preSolution
		Debug|Any CPU = Debug|Any CPU
		Release|Any CPU = Release|Any CPU
	EndGlobalSection
	GlobalSection(ProjectConfigurationPlatforms) = postSolution
		{F2009868-BFF5-4BA3-B895-88E6481230E7}.Debug|Any CPU.ActiveCfg = Debug|Any CPU
		{F2009868-BFF5-4BA3-B895-88E6481230E7}.Debug|Any CPU.Build.0 = Debug|Any CPU
		{F2009868-BFF5-4BA3-B895-88E6481230E7}.Release|Any CPU.ActiveCfg = Release|Any CPU
		{F2009868-BFF5-4BA3-B895-88E6481230E7}.Release|Any CPU.Build.0 = Release|Any CPU
	EndGlobalSection
	GlobalSection(SolutionProperties) = preSolution
		HideSolutionNode = FALSE
	EndGlobalSection
	GlobalSection(ExtensibilityGlobals) = postSolution
		SolutionGuid = {7B687A17-F103-4932-B313-D3C564FF0F64}
	EndGlobalSection
EndGlobal
