
Microsoft Visual Studio Solution File, Format Version 12.00
# Visual Studio Version 16
VisualStudioVersion = 16.0.29920.165
MinimumVisualStudioVersion = 10.0.40219.1
Project("{9A19103F-16F7-4668-BE54-9A1E7A4F7556}") = "Blog", "Blog\Blog.csproj", "{F2009868-BFF5-4BA3-B895-88E6481230E7}"
EndProject
Project("{9A19103F-16F7-4668-BE54-9A1E7A4F7556}") = "Crud", "Crud\Crud.csproj", "{A895509C-02C8-4B62-86E7-DF153152C502}"
EndProject
Project("{9A19103F-16F7-4668-BE54-9A1E7A4F7556}") = "ChatApp", "ChatApp\ChatApp.csproj", "{6D5147BC-7709-48D9-A332-9DCCB22B8FC1}"
EndProject
Project("{9A19103F-16F7-4668-BE54-9A1E7A4F7556}") = "Relations", "Relations\Relations.csproj", "{9658680D-8F86-48CD-9CDB-235723191BAA}"
EndProject
Project("{FAE04EC0-301F-11D3-BF4B-00C04F79EFBC}") = "Leasing", "Leasing\Leasing.csproj", "{E55ED45F-8A0C-47CA-93E9-4A163D217173}"
EndProject
Project("{FAE04EC0-301F-11D3-BF4B-00C04F79EFBC}") = "FacebookClone", "FacebookClone\FacebookClone.csproj", "{90B6BAFE-C7D8-4B35-9B9A-D79F9591B8D5}"
EndProject
Project("{FAE04EC0-301F-11D3-BF4B-00C04F79EFBC}") = "Gallery", "Gallery\Gallery.csproj", "{0F17C229-7DC5-4B15-8AFD-BF0A099FBA75}"
EndProject
Project("{FAE04EC0-301F-11D3-BF4B-00C04F79EFBC}") = "InstagramClone", "InstagramClone\InstagramClone.csproj", "{40E7B9C3-5059-4518-AD94-62C5392A5F57}"
EndProject
Project("{FAE04EC0-301F-11D3-BF4B-00C04F79EFBC}") = "Library", "Library\Library.csproj", "{44D6C606-5AF0-4B5E-8A2B-20B4DCBD08A5}"
EndProject
Project("{FAE04EC0-301F-11D3-BF4B-00C04F79EFBC}") = "Login", "Login\Login.csproj", "{1F06320E-7CA8-4193-9303-D55931BEB3EC}"
EndProject
Project("{FAE04EC0-301F-11D3-BF4B-00C04F79EFBC}") = "RedditClone", "RedditClone\RedditClone.csproj", "{A4079503-AA15-460C-BDB2-C2C3934A42CF}"
EndProject
Project("{FAE04EC0-301F-11D3-BF4B-00C04F79EFBC}") = "Shop", "Shop\Shop.csproj", "{2671D831-A208-4B9E-A9B7-D97283F01956}"
EndProject
Project("{FAE04EC0-301F-11D3-BF4B-00C04F79EFBC}") = "Soccer", "Soccer\Soccer.csproj", "{DED98957-3A53-4D8D-B560-B5CDDD798C8A}"
EndProject
Project("{FAE04EC0-301F-11D3-BF4B-00C04F79EFBC}") = "TaxiQualifier", "TaxiQualifier\TaxiQualifier.csproj", "{084979B9-3B1C-4DD6-8F24-A40332255C1C}"
EndProject
Project("{FAE04EC0-301F-11D3-BF4B-00C04F79EFBC}") = "TwitterClone", "TwitterClone\TwitterClone.csproj", "{0A171003-B25D-4744-9CE9-76BAA82C2A82}"
EndProject
Project("{FAE04EC0-301F-11D3-BF4B-00C04F79EFBC}") = "Vet", "Vet\Vet.csproj", "{BFFE89D2-B8DC-4872-BC7B-AC731D79D6D0}"
EndProject
Global
	GlobalSection(SolutionConfigurationPlatforms) = preSolution
		Debug|Any CPU = Debug|Any CPU
		Release|Any CPU = Release|Any CPU
	EndGlobalSection
	GlobalSection(ProjectConfigurationPlatforms) = postSolution
		{F2009868-BFF5-4BA3-B895-88E6481230E7}.Debug|Any CPU.ActiveCfg = Debug|Any CPU
		{F2009868-BFF5-4BA3-B895-88E6481230E7}.Debug|Any CPU.Build.0 = Debug|Any CPU
		{F2009868-BFF5-4BA3-B895-88E6481230E7}.Release|Any CPU.ActiveCfg = Release|Any CPU
		{F2009868-BFF5-4BA3-B895-88E6481230E7}.Release|Any CPU.Build.0 = Release|Any CPU
		{A895509C-02C8-4B62-86E7-DF153152C502}.Debug|Any CPU.ActiveCfg = Debug|Any CPU
		{A895509C-02C8-4B62-86E7-DF153152C502}.Debug|Any CPU.Build.0 = Debug|Any CPU
		{A895509C-02C8-4B62-86E7-DF153152C502}.Release|Any CPU.ActiveCfg = Release|Any CPU
		{A895509C-02C8-4B62-86E7-DF153152C502}.Release|Any CPU.Build.0 = Release|Any CPU
		{6D5147BC-7709-48D9-A332-9DCCB22B8FC1}.Debug|Any CPU.ActiveCfg = Debug|Any CPU
		{6D5147BC-7709-48D9-A332-9DCCB22B8FC1}.Debug|Any CPU.Build.0 = Debug|Any CPU
		{6D5147BC-7709-48D9-A332-9DCCB22B8FC1}.Release|Any CPU.ActiveCfg = Release|Any CPU
		{6D5147BC-7709-48D9-A332-9DCCB22B8FC1}.Release|Any CPU.Build.0 = Release|Any CPU
		{9658680D-8F86-48CD-9CDB-235723191BAA}.Debug|Any CPU.ActiveCfg = Debug|Any CPU
		{9658680D-8F86-48CD-9CDB-235723191BAA}.Debug|Any CPU.Build.0 = Debug|Any CPU
		{9658680D-8F86-48CD-9CDB-235723191BAA}.Release|Any CPU.ActiveCfg = Release|Any CPU
		{9658680D-8F86-48CD-9CDB-235723191BAA}.Release|Any CPU.Build.0 = Release|Any CPU
		{E55ED45F-8A0C-47CA-93E9-4A163D217173}.Debug|Any CPU.ActiveCfg = Debug|Any CPU
		{E55ED45F-8A0C-47CA-93E9-4A163D217173}.Debug|Any CPU.Build.0 = Debug|Any CPU
		{E55ED45F-8A0C-47CA-93E9-4A163D217173}.Release|Any CPU.ActiveCfg = Release|Any CPU
		{E55ED45F-8A0C-47CA-93E9-4A163D217173}.Release|Any CPU.Build.0 = Release|Any CPU
		{90B6BAFE-C7D8-4B35-9B9A-D79F9591B8D5}.Debug|Any CPU.ActiveCfg = Debug|Any CPU
		{90B6BAFE-C7D8-4B35-9B9A-D79F9591B8D5}.Debug|Any CPU.Build.0 = Debug|Any CPU
		{90B6BAFE-C7D8-4B35-9B9A-D79F9591B8D5}.Release|Any CPU.ActiveCfg = Release|Any CPU
		{90B6BAFE-C7D8-4B35-9B9A-D79F9591B8D5}.Release|Any CPU.Build.0 = Release|Any CPU
		{0F17C229-7DC5-4B15-8AFD-BF0A099FBA75}.Debug|Any CPU.ActiveCfg = Debug|Any CPU
		{0F17C229-7DC5-4B15-8AFD-BF0A099FBA75}.Debug|Any CPU.Build.0 = Debug|Any CPU
		{0F17C229-7DC5-4B15-8AFD-BF0A099FBA75}.Release|Any CPU.ActiveCfg = Release|Any CPU
		{0F17C229-7DC5-4B15-8AFD-BF0A099FBA75}.Release|Any CPU.Build.0 = Release|Any CPU
		{40E7B9C3-5059-4518-AD94-62C5392A5F57}.Debug|Any CPU.ActiveCfg = Debug|Any CPU
		{40E7B9C3-5059-4518-AD94-62C5392A5F57}.Debug|Any CPU.Build.0 = Debug|Any CPU
		{40E7B9C3-5059-4518-AD94-62C5392A5F57}.Release|Any CPU.ActiveCfg = Release|Any CPU
		{40E7B9C3-5059-4518-AD94-62C5392A5F57}.Release|Any CPU.Build.0 = Release|Any CPU
		{44D6C606-5AF0-4B5E-8A2B-20B4DCBD08A5}.Debug|Any CPU.ActiveCfg = Debug|Any CPU
		{44D6C606-5AF0-4B5E-8A2B-20B4DCBD08A5}.Debug|Any CPU.Build.0 = Debug|Any CPU
		{44D6C606-5AF0-4B5E-8A2B-20B4DCBD08A5}.Release|Any CPU.ActiveCfg = Release|Any CPU
		{44D6C606-5AF0-4B5E-8A2B-20B4DCBD08A5}.Release|Any CPU.Build.0 = Release|Any CPU
		{1F06320E-7CA8-4193-9303-D55931BEB3EC}.Debug|Any CPU.ActiveCfg = Debug|Any CPU
		{1F06320E-7CA8-4193-9303-D55931BEB3EC}.Debug|Any CPU.Build.0 = Debug|Any CPU
		{1F06320E-7CA8-4193-9303-D55931BEB3EC}.Release|Any CPU.ActiveCfg = Release|Any CPU
		{1F06320E-7CA8-4193-9303-D55931BEB3EC}.Release|Any CPU.Build.0 = Release|Any CPU
		{A4079503-AA15-460C-BDB2-C2C3934A42CF}.Debug|Any CPU.ActiveCfg = Debug|Any CPU
		{A4079503-AA15-460C-BDB2-C2C3934A42CF}.Debug|Any CPU.Build.0 = Debug|Any CPU
		{A4079503-AA15-460C-BDB2-C2C3934A42CF}.Release|Any CPU.ActiveCfg = Release|Any CPU
		{A4079503-AA15-460C-BDB2-C2C3934A42CF}.Release|Any CPU.Build.0 = Release|Any CPU
		{2671D831-A208-4B9E-A9B7-D97283F01956}.Debug|Any CPU.ActiveCfg = Debug|Any CPU
		{2671D831-A208-4B9E-A9B7-D97283F01956}.Debug|Any CPU.Build.0 = Debug|Any CPU
		{2671D831-A208-4B9E-A9B7-D97283F01956}.Release|Any CPU.ActiveCfg = Release|Any CPU
		{2671D831-A208-4B9E-A9B7-D97283F01956}.Release|Any CPU.Build.0 = Release|Any CPU
		{DED98957-3A53-4D8D-B560-B5CDDD798C8A}.Debug|Any CPU.ActiveCfg = Debug|Any CPU
		{DED98957-3A53-4D8D-B560-B5CDDD798C8A}.Debug|Any CPU.Build.0 = Debug|Any CPU
		{DED98957-3A53-4D8D-B560-B5CDDD798C8A}.Release|Any CPU.ActiveCfg = Release|Any CPU
		{DED98957-3A53-4D8D-B560-B5CDDD798C8A}.Release|Any CPU.Build.0 = Release|Any CPU
		{084979B9-3B1C-4DD6-8F24-A40332255C1C}.Debug|Any CPU.ActiveCfg = Debug|Any CPU
		{084979B9-3B1C-4DD6-8F24-A40332255C1C}.Debug|Any CPU.Build.0 = Debug|Any CPU
		{084979B9-3B1C-4DD6-8F24-A40332255C1C}.Release|Any CPU.ActiveCfg = Release|Any CPU
		{084979B9-3B1C-4DD6-8F24-A40332255C1C}.Release|Any CPU.Build.0 = Release|Any CPU
		{0A171003-B25D-4744-9CE9-76BAA82C2A82}.Debug|Any CPU.ActiveCfg = Debug|Any CPU
		{0A171003-B25D-4744-9CE9-76BAA82C2A82}.Debug|Any CPU.Build.0 = Debug|Any CPU
		{0A171003-B25D-4744-9CE9-76BAA82C2A82}.Release|Any CPU.ActiveCfg = Release|Any CPU
		{0A171003-B25D-4744-9CE9-76BAA82C2A82}.Release|Any CPU.Build.0 = Release|Any CPU
		{BFFE89D2-B8DC-4872-BC7B-AC731D79D6D0}.Debug|Any CPU.ActiveCfg = Debug|Any CPU
		{BFFE89D2-B8DC-4872-BC7B-AC731D79D6D0}.Debug|Any CPU.Build.0 = Debug|Any CPU
		{BFFE89D2-B8DC-4872-BC7B-AC731D79D6D0}.Release|Any CPU.ActiveCfg = Release|Any CPU
		{BFFE89D2-B8DC-4872-BC7B-AC731D79D6D0}.Release|Any CPU.Build.0 = Release|Any CPU
	EndGlobalSection
	GlobalSection(SolutionProperties) = preSolution
		HideSolutionNode = FALSE
	EndGlobalSection
	GlobalSection(ExtensibilityGlobals) = postSolution
		SolutionGuid = {7B687A17-F103-4932-B313-D3C564FF0F64}
	EndGlobalSection
EndGlobal
