
Microsoft Visual Studio Solution File, Format Version 12.00
# Visual Studio Version 16
VisualStudioVersion = 16.0.29920.165
MinimumVisualStudioVersion = 10.0.40219.1
Project("{FAE04EC0-301F-11D3-BF4B-00C04F79EFBC}") = "Crud.Server", "Crud\Server\Crud.Server.csproj", "{B0869AFC-F5B3-4B34-8F4C-BE93418E1174}"
EndProject
Project("{FAE04EC0-301F-11D3-BF4B-00C04F79EFBC}") = "Crud.Client", "Crud\Client\Crud.Client.csproj", "{4E1C9D95-A475-4F26-BD81-20492CC7B892}"
EndProject
Project("{FAE04EC0-301F-11D3-BF4B-00C04F79EFBC}") = "Crud.Shared", "Crud\Shared\Crud.Shared.csproj", "{32138BE4-BE43-49AD-BB11-3CDB860D3486}"
EndProject
Project("{2150E333-8FDC-42A3-9474-1A3956D46DE8}") = "Crud", "Crud", "{3D3F55F6-49E6-43E3-889C-BF80106748B6}"
EndProject
Global
	GlobalSection(SolutionConfigurationPlatforms) = preSolution
		Debug|Any CPU = Debug|Any CPU
		Release|Any CPU = Release|Any CPU
	EndGlobalSection
	GlobalSection(ProjectConfigurationPlatforms) = postSolution
		{B0869AFC-F5B3-4B34-8F4C-BE93418E1174}.Debug|Any CPU.ActiveCfg = Debug|Any CPU
		{B0869AFC-F5B3-4B34-8F4C-BE93418E1174}.Debug|Any CPU.Build.0 = Debug|Any CPU
		{B0869AFC-F5B3-4B34-8F4C-BE93418E1174}.Release|Any CPU.ActiveCfg = Release|Any CPU
		{B0869AFC-F5B3-4B34-8F4C-BE93418E1174}.Release|Any CPU.Build.0 = Release|Any CPU
		{4E1C9D95-A475-4F26-BD81-20492CC7B892}.Debug|Any CPU.ActiveCfg = Debug|Any CPU
		{4E1C9D95-A475-4F26-BD81-20492CC7B892}.Debug|Any CPU.Build.0 = Debug|Any CPU
		{4E1C9D95-A475-4F26-BD81-20492CC7B892}.Release|Any CPU.ActiveCfg = Release|Any CPU
		{4E1C9D95-A475-4F26-BD81-20492CC7B892}.Release|Any CPU.Build.0 = Release|Any CPU
		{32138BE4-BE43-49AD-BB11-3CDB860D3486}.Debug|Any CPU.ActiveCfg = Debug|Any CPU
		{32138BE4-BE43-49AD-BB11-3CDB860D3486}.Debug|Any CPU.Build.0 = Debug|Any CPU
		{32138BE4-BE43-49AD-BB11-3CDB860D3486}.Release|Any CPU.ActiveCfg = Release|Any CPU
		{32138BE4-BE43-49AD-BB11-3CDB860D3486}.Release|Any CPU.Build.0 = Release|Any CPU
	EndGlobalSection
	GlobalSection(SolutionProperties) = preSolution
		HideSolutionNode = FALSE
	EndGlobalSection
	GlobalSection(NestedProjects) = preSolution
		{B0869AFC-F5B3-4B34-8F4C-BE93418E1174} = {3D3F55F6-49E6-43E3-889C-BF80106748B6}
		{4E1C9D95-A475-4F26-BD81-20492CC7B892} = {3D3F55F6-49E6-43E3-889C-BF80106748B6}
		{32138BE4-BE43-49AD-BB11-3CDB860D3486} = {3D3F55F6-49E6-43E3-889C-BF80106748B6}
	EndGlobalSection
	GlobalSection(ExtensibilityGlobals) = postSolution
		SolutionGuid = {7B687A17-F103-4932-B313-D3C564FF0F64}
	EndGlobalSection
EndGlobal
